
Microsoft Visual Studio Solution File, Format Version 12.00
# Visual Studio Version 17
VisualStudioVersion = 17.5.002.0
MinimumVisualStudioVersion = 10.0.40219.1
Project("{9A19103F-16F7-4668-BE54-9A1E7A4F7556}") = "DesafioFundamentos", "DesafioFundamentos.csproj", "{B8A90CBF-2AD7-42C9-A70B-348C0D748A01}"
EndProject
Global
	GlobalSection(SolutionConfigurationPlatforms) = preSolution
		Debug|Any CPU = Debug|Any CPU
		Release|Any CPU = Release|Any CPU
	EndGlobalSection
	GlobalSection(ProjectConfigurationPlatforms) = postSolution
		{B8A90CBF-2AD7-42C9-A70B-348C0D748A01}.Debug|Any CPU.ActiveCfg = Debug|Any CPU
		{B8A90CBF-2AD7-42C9-A70B-348C0D748A01}.Debug|Any CPU.Build.0 = Debug|Any CPU
		{B8A90CBF-2AD7-42C9-A70B-348C0D748A01}.Release|Any CPU.ActiveCfg = Release|Any CPU
		{B8A90CBF-2AD7-42C9-A70B-348C0D748A01}.Release|Any CPU.Build.0 = Release|Any CPU
	EndGlobalSection
	GlobalSection(SolutionProperties) = preSolution
		HideSolutionNode = FALSE
	EndGlobalSection
	GlobalSection(ExtensibilityGlobals) = postSolution
		SolutionGuid = {CCE6AB01-F8BC-4E4B-B95E-A9CF2705AB1D}
	EndGlobalSection
EndGlobal
